
Microsoft Visual Studio Solution File, Format Version 12.00
# Visual Studio Version 17
VisualStudioVersion = 17.14.36603.0 d17.14
MinimumVisualStudioVersion = 10.0.40219.1
Project("{FAE04EC0-301F-11D3-BF4B-00C04F79EFBC}") = "AventuraGUI", "AventuraGUI.csproj", "{C1008814-3C9F-4E52-BFA2-0685F665E60E}"
EndProject
Global
	GlobalSection(SolutionConfigurationPlatforms) = preSolution
		Debug|Any CPU = Debug|Any CPU
		Release|Any CPU = Release|Any CPU
	EndGlobalSection
	GlobalSection(ProjectConfigurationPlatforms) = postSolution
		{C1008814-3C9F-4E52-BFA2-0685F665E60E}.Debug|Any CPU.ActiveCfg = Debug|Any CPU
		{C1008814-3C9F-4E52-BFA2-0685F665E60E}.Debug|Any CPU.Build.0 = Debug|Any CPU
		{C1008814-3C9F-4E52-BFA2-0685F665E60E}.Release|Any CPU.ActiveCfg = Release|Any CPU
		{C1008814-3C9F-4E52-BFA2-0685F665E60E}.Release|Any CPU.Build.0 = Release|Any CPU
	EndGlobalSection
	GlobalSection(SolutionProperties) = preSolution
		HideSolutionNode = FALSE
	EndGlobalSection
	GlobalSection(ExtensibilityGlobals) = postSolution
		SolutionGuid = {79F35780-6B15-4613-8BA9-F0AF7445091B}
	EndGlobalSection
EndGlobal
